
Microsoft Visual Studio Solution File, Format Version 12.00
# Visual Studio Version 17
VisualStudioVersion = 17.7.34202.233
MinimumVisualStudioVersion = 10.0.40219.1
Project("{FAE04EC0-301F-11D3-BF4B-00C04F79EFBC}") = "LightAmpUi.WinAmp", "LightAmpUi.WinAmp\LightAmpUi.WinAmp.csproj", "{1DCF7489-0F9E-4822-A5AA-987002334419}"
EndProject
Global
	GlobalSection(SolutionConfigurationPlatforms) = preSolution
		Debug|Any CPU = Debug|Any CPU
		Debug|x64 = Debug|x64
		Release|Any CPU = Release|Any CPU
		Release|x64 = Release|x64
	EndGlobalSection
	GlobalSection(ProjectConfigurationPlatforms) = postSolution
		{1DCF7489-0F9E-4822-A5AA-987002334419}.Debug|Any CPU.ActiveCfg = Debug|Any CPU
		{1DCF7489-0F9E-4822-A5AA-987002334419}.Debug|Any CPU.Build.0 = Debug|Any CPU
		{1DCF7489-0F9E-4822-A5AA-987002334419}.Debug|x64.ActiveCfg = Debug|x64
		{1DCF7489-0F9E-4822-A5AA-987002334419}.Debug|x64.Build.0 = Debug|x64
		{1DCF7489-0F9E-4822-A5AA-987002334419}.Release|Any CPU.ActiveCfg = Release|Any CPU
		{1DCF7489-0F9E-4822-A5AA-987002334419}.Release|Any CPU.Build.0 = Release|Any CPU
		{1DCF7489-0F9E-4822-A5AA-987002334419}.Release|x64.ActiveCfg = Release|x64
		{1DCF7489-0F9E-4822-A5AA-987002334419}.Release|x64.Build.0 = Release|x64
	EndGlobalSection
	GlobalSection(SolutionProperties) = preSolution
		HideSolutionNode = FALSE
	EndGlobalSection
	GlobalSection(ExtensibilityGlobals) = postSolution
		SolutionGuid = {A76CCC1A-F767-49D5-AF57-5640A36055D8}
	EndGlobalSection
EndGlobal
